{"1.2.0",
[{<<"cowlib">>,{pkg,<<"cowlib">>,<<"2.14.0">>},0},
 {<<"emqtt">>,{pkg,<<"emqtt">>,<<"1.11.0">>},0},
 {<<"gen_rpc">>,{pkg,<<"gen_rpc">>,<<"2.1.0">>},0},
 {<<"getopt">>,{pkg,<<"getopt">>,<<"1.0.2">>},1},
 {<<"gun">>,{pkg,<<"gun">>,<<"1.3.3">>},1},
 {<<"hut">>,{pkg,<<"hut">>,<<"1.4.0">>},1},
 {<<"jsx">>,{pkg,<<"jsx">>,<<"3.1.0">>},0},
 {<<"ssl_verify_fun">>,{pkg,<<"ssl_verify_fun">>,<<"1.1.7">>},1}]}.
[
{pkg_hash,[
 {<<"cowlib">>, <<"623791C56C1CC9DF54A71A9C55147A401549917F00A2E48A6AE12B812C586CED">>},
 {<<"emqtt">>, <<"F353276A7AD49AFC1B44CD8CEA9B3C3A98C4D9CF97B382AD5F825CF3ACEFDD9A">>},
 {<<"gen_rpc">>, <<"C7F5BB64F105AACBFF9D865928B28F7F602BBAD9A414FBC36B4E3B6C6D42BD3A">>},
 {<<"getopt">>, <<"33D9B44289FE7AD08627DDFE1D798E30B2DA0033B51DA1B3A2D64E72CD581D02">>},
 {<<"gun">>, <<"CF8B51BEB36C22B9C8DF1921E3F2BC4D2B1F68B49AD4FBC64E91875AA14E16B4">>},
 {<<"hut">>, <<"7A1238EC00F95C9EC75412587EE11AC652ECA308A7F4B8CC9629746D579D6CF0">>},
 {<<"jsx">>, <<"D12516BAA0BB23A59BB35DCCAF02A1BD08243FCBB9EFE24F2D9D056CCFF71268">>},
 {<<"ssl_verify_fun">>, <<"354C321CF377240C7B8716899E182CE4890C5938111A1296ADD3EC74CF1715DF">>}]},
{pkg_hash_ext,[
 {<<"cowlib">>, <<"0AF652D1550C8411C3B58EED7A035A7FB088C0B86AFF6BC504B0BC3B7F791AA2">>},
 {<<"emqtt">>, <<"DAB7E6E7E61AE8FBA5C0856C7CEEC060724DF41690040D68638340927554013B">>},
 {<<"gen_rpc">>, <<"3158A3E1A9B36334F811C9A6EE165A9A3E797F5B970204B375B9BB40282CB882">>},
 {<<"getopt">>, <<"A0029AEA4322FB82A61F6876A6D9C66DC9878B6CB61FAA13DF3187384FD4EA26">>},
 {<<"gun">>, <<"3106CE167F9C9723F849E4FB54EA4A4D814E3996AE243A1C828B256E749041E0">>},
 {<<"hut">>, <<"7AF8704B9BAE98A336F70D9560FC3C97F15665265FA603DBD05352E63D6EBB03">>},
 {<<"jsx">>, <<"0C5CC8FDC11B53CC25CF65AC6705AD39E54ECC56D1C22E4ADB8F5A53FB9427F3">>},
 {<<"ssl_verify_fun">>, <<"FE4C190E8F37401D30167C8C405EDA19469F34577987C76DDE613E838BBC67F8">>}]}
].
